<?xml version="1.0" encoding="utf-8"?>
<Project ToolsVersion="4.0" xmlns="http://schemas.microsoft.com/developer/msbuild/2003">
  <ItemGroup>
    <ClCompile Include="MorpheusApp.cpp" />
  </ItemGroup>
  <ItemGroup>
    <None Include="Assets\uniform.vert" />
    <None Include="Assets\uniform.frag" />
    <None Include="Assets\triangle.vert.spv" />
    <None Include="Assets\Compile.bat" />
    <None Include="Assets\frag.spv" />
    <None Include="Assets\Shader.frag" />
    <None Include="Assets\Shader.vert" />
    <None Include="Assets\triangle.frag" />
    <None Include="Assets\triangle.frag.spv" />
    <None Include="Assets\triangle.vert" />
    <None Include="Assets\vert.spv" />
  </ItemGroup>
</Project>